
Microsoft Visual Studio Solution File, Format Version 12.00
Project("{FAE04EC0-301F-11D3-BF4B-00C04F79EFBC}") = "HalconMaster.CN_V1.0", "HalconMaster.CN_V1.0\HalconMaster.CN_V1.0.csproj", "{459FD8B4-517E-4FFE-B6AF-3EFE24338418}"
EndProject
Project("{2150E333-8FDC-42A3-9474-1A3956D46DE8}") = "common", "common", "{EBCF4A10-1624-4955-A9C9-F3E8548EC52A}"
EndProject
Project("{2150E333-8FDC-42A3-9474-1A3956D46DE8}") = "Modules", "Modules", "{FD148939-B7CA-490C-B06F-4FE76DEAE2F6}"
EndProject
Project("{2150E333-8FDC-42A3-9474-1A3956D46DE8}") = "base", "base", "{BF70B5C8-33FF-4366-B3DA-B7EDF9611F71}"
EndProject
Project("{2150E333-8FDC-42A3-9474-1A3956D46DE8}") = "test", "test", "{4430BF14-D53B-459E-B0A7-370E26AEE372}"
EndProject
Project("{FAE04EC0-301F-11D3-BF4B-00C04F79EFBC}") = "HalconMaster.CN_V1._0.Test", "HalconMaster.CN_V1._0.Test\HalconMaster.CN_V1._0.Test.csproj", "{9347575C-9022-4BFD-8918-1145E9658AB5}"
EndProject
Project("{FAE04EC0-301F-11D3-BF4B-00C04F79EFBC}") = "HalconMaster.Base", "HalconMaster.Base\HalconMaster.Base.csproj", "{07ABFA5B-4627-4F17-BABA-BEBE609D8F7F}"
EndProject
Project("{FAE04EC0-301F-11D3-BF4B-00C04F79EFBC}") = "HalconMaster.Common.Model", "HalconMaster.Common.Model\HalconMaster.Common.Model.csproj", "{72421021-CA7F-4AE6-BBF5-6D6616731309}"
EndProject
Project("{FAE04EC0-301F-11D3-BF4B-00C04F79EFBC}") = "HalconMaster.Common.Services", "HalconMaster.Common.Services\HalconMaster.Common.Services.csproj", "{7F4A1E99-63EF-4F72-A047-8404B0C7E6D4}"
EndProject
Project("{FAE04EC0-301F-11D3-BF4B-00C04F79EFBC}") = "HalconMaster.Common.Themes", "HalconMaster.Common.Themes\HalconMaster.Common.Themes.csproj", "{BFCA60DC-B4E8-4E21-B219-25F2F10C1292}"
EndProject
Project("{FAE04EC0-301F-11D3-BF4B-00C04F79EFBC}") = "HalconMaster.Base.Dll", "HalconMaster.Base.Dll\HalconMaster.Base.Dll.csproj", "{18C669C4-1A19-4197-8B96-5D14ED69B4B5}"
EndProject
Project("{FAE04EC0-301F-11D3-BF4B-00C04F79EFBC}") = "HalconMaster.Common.Lang", "HalconMaster.Common.Lang\HalconMaster.Common.Lang.csproj", "{FB27B2E3-301C-4EBC-8F41-E294261B09BC}"
EndProject
Project("{FAE04EC0-301F-11D3-BF4B-00C04F79EFBC}") = "HalconMaster.Common.Tools", "HalconMaster.Common.Tools\HalconMaster.Common.Tools.csproj", "{05166239-1FCB-44EB-9F82-399028698207}"
EndProject
Project("{FAE04EC0-301F-11D3-BF4B-00C04F79EFBC}") = "HalconMaster", "HalconMaster\HalconMaster.csproj", "{6BE138F7-7E48-41DA-BB36-363777CA503D}"
EndProject
Project("{FAE04EC0-301F-11D3-BF4B-00C04F79EFBC}") = "HalconMaster.Common.Controls", "HalconMaster.Common.Controls\HalconMaster.Common.Controls.csproj", "{2D5721EA-4E55-4935-AD37-9C94CCB62EB6}"
EndProject
Project("{FAE04EC0-301F-11D3-BF4B-00C04F79EFBC}") = "HalconMaster.Base.Configs", "HalconMaster.Base.Configs\HalconMaster.Base.Configs.csproj", "{443DC953-7010-4206-A564-62421B7356E1}"
EndProject
Global
	GlobalSection(SolutionConfigurationPlatforms) = preSolution
		Debug|Any CPU = Debug|Any CPU
		Release|Any CPU = Release|Any CPU
	EndGlobalSection
	GlobalSection(ProjectConfigurationPlatforms) = postSolution
		{459FD8B4-517E-4FFE-B6AF-3EFE24338418}.Debug|Any CPU.ActiveCfg = Debug|Any CPU
		{459FD8B4-517E-4FFE-B6AF-3EFE24338418}.Debug|Any CPU.Build.0 = Debug|Any CPU
		{459FD8B4-517E-4FFE-B6AF-3EFE24338418}.Release|Any CPU.ActiveCfg = Release|Any CPU
		{459FD8B4-517E-4FFE-B6AF-3EFE24338418}.Release|Any CPU.Build.0 = Release|Any CPU
		{9347575C-9022-4BFD-8918-1145E9658AB5}.Debug|Any CPU.ActiveCfg = Debug|Any CPU
		{9347575C-9022-4BFD-8918-1145E9658AB5}.Debug|Any CPU.Build.0 = Debug|Any CPU
		{9347575C-9022-4BFD-8918-1145E9658AB5}.Release|Any CPU.ActiveCfg = Release|Any CPU
		{9347575C-9022-4BFD-8918-1145E9658AB5}.Release|Any CPU.Build.0 = Release|Any CPU
		{07ABFA5B-4627-4F17-BABA-BEBE609D8F7F}.Debug|Any CPU.ActiveCfg = Debug|Any CPU
		{07ABFA5B-4627-4F17-BABA-BEBE609D8F7F}.Debug|Any CPU.Build.0 = Debug|Any CPU
		{07ABFA5B-4627-4F17-BABA-BEBE609D8F7F}.Release|Any CPU.ActiveCfg = Release|Any CPU
		{07ABFA5B-4627-4F17-BABA-BEBE609D8F7F}.Release|Any CPU.Build.0 = Release|Any CPU
		{72421021-CA7F-4AE6-BBF5-6D6616731309}.Debug|Any CPU.ActiveCfg = Debug|Any CPU
		{72421021-CA7F-4AE6-BBF5-6D6616731309}.Debug|Any CPU.Build.0 = Debug|Any CPU
		{72421021-CA7F-4AE6-BBF5-6D6616731309}.Release|Any CPU.ActiveCfg = Release|Any CPU
		{72421021-CA7F-4AE6-BBF5-6D6616731309}.Release|Any CPU.Build.0 = Release|Any CPU
		{7F4A1E99-63EF-4F72-A047-8404B0C7E6D4}.Debug|Any CPU.ActiveCfg = Debug|Any CPU
		{7F4A1E99-63EF-4F72-A047-8404B0C7E6D4}.Debug|Any CPU.Build.0 = Debug|Any CPU
		{7F4A1E99-63EF-4F72-A047-8404B0C7E6D4}.Release|Any CPU.ActiveCfg = Release|Any CPU
		{7F4A1E99-63EF-4F72-A047-8404B0C7E6D4}.Release|Any CPU.Build.0 = Release|Any CPU
		{BFCA60DC-B4E8-4E21-B219-25F2F10C1292}.Debug|Any CPU.ActiveCfg = Debug|Any CPU
		{BFCA60DC-B4E8-4E21-B219-25F2F10C1292}.Debug|Any CPU.Build.0 = Debug|Any CPU
		{BFCA60DC-B4E8-4E21-B219-25F2F10C1292}.Release|Any CPU.ActiveCfg = Release|Any CPU
		{BFCA60DC-B4E8-4E21-B219-25F2F10C1292}.Release|Any CPU.Build.0 = Release|Any CPU
		{18C669C4-1A19-4197-8B96-5D14ED69B4B5}.Debug|Any CPU.ActiveCfg = Debug|Any CPU
		{18C669C4-1A19-4197-8B96-5D14ED69B4B5}.Debug|Any CPU.Build.0 = Debug|Any CPU
		{18C669C4-1A19-4197-8B96-5D14ED69B4B5}.Release|Any CPU.ActiveCfg = Release|Any CPU
		{18C669C4-1A19-4197-8B96-5D14ED69B4B5}.Release|Any CPU.Build.0 = Release|Any CPU
		{FB27B2E3-301C-4EBC-8F41-E294261B09BC}.Debug|Any CPU.ActiveCfg = Debug|Any CPU
		{FB27B2E3-301C-4EBC-8F41-E294261B09BC}.Debug|Any CPU.Build.0 = Debug|Any CPU
		{FB27B2E3-301C-4EBC-8F41-E294261B09BC}.Release|Any CPU.ActiveCfg = Release|Any CPU
		{FB27B2E3-301C-4EBC-8F41-E294261B09BC}.Release|Any CPU.Build.0 = Release|Any CPU
		{05166239-1FCB-44EB-9F82-399028698207}.Debug|Any CPU.ActiveCfg = Debug|Any CPU
		{05166239-1FCB-44EB-9F82-399028698207}.Debug|Any CPU.Build.0 = Debug|Any CPU
		{05166239-1FCB-44EB-9F82-399028698207}.Release|Any CPU.ActiveCfg = Release|Any CPU
		{05166239-1FCB-44EB-9F82-399028698207}.Release|Any CPU.Build.0 = Release|Any CPU
		{6BE138F7-7E48-41DA-BB36-363777CA503D}.Debug|Any CPU.ActiveCfg = Debug|Any CPU
		{6BE138F7-7E48-41DA-BB36-363777CA503D}.Debug|Any CPU.Build.0 = Debug|Any CPU
		{6BE138F7-7E48-41DA-BB36-363777CA503D}.Release|Any CPU.ActiveCfg = Release|Any CPU
		{6BE138F7-7E48-41DA-BB36-363777CA503D}.Release|Any CPU.Build.0 = Release|Any CPU
		{2D5721EA-4E55-4935-AD37-9C94CCB62EB6}.Debug|Any CPU.ActiveCfg = Debug|Any CPU
		{2D5721EA-4E55-4935-AD37-9C94CCB62EB6}.Debug|Any CPU.Build.0 = Debug|Any CPU
		{2D5721EA-4E55-4935-AD37-9C94CCB62EB6}.Release|Any CPU.ActiveCfg = Release|Any CPU
		{2D5721EA-4E55-4935-AD37-9C94CCB62EB6}.Release|Any CPU.Build.0 = Release|Any CPU
		{443DC953-7010-4206-A564-62421B7356E1}.Debug|Any CPU.ActiveCfg = Debug|Any CPU
		{443DC953-7010-4206-A564-62421B7356E1}.Debug|Any CPU.Build.0 = Debug|Any CPU
		{443DC953-7010-4206-A564-62421B7356E1}.Release|Any CPU.ActiveCfg = Release|Any CPU
		{443DC953-7010-4206-A564-62421B7356E1}.Release|Any CPU.Build.0 = Release|Any CPU
	EndGlobalSection
	GlobalSection(NestedProjects) = preSolution
		{9347575C-9022-4BFD-8918-1145E9658AB5} = {4430BF14-D53B-459E-B0A7-370E26AEE372}
		{07ABFA5B-4627-4F17-BABA-BEBE609D8F7F} = {BF70B5C8-33FF-4366-B3DA-B7EDF9611F71}
		{72421021-CA7F-4AE6-BBF5-6D6616731309} = {EBCF4A10-1624-4955-A9C9-F3E8548EC52A}
		{7F4A1E99-63EF-4F72-A047-8404B0C7E6D4} = {EBCF4A10-1624-4955-A9C9-F3E8548EC52A}
		{BFCA60DC-B4E8-4E21-B219-25F2F10C1292} = {EBCF4A10-1624-4955-A9C9-F3E8548EC52A}
		{18C669C4-1A19-4197-8B96-5D14ED69B4B5} = {BF70B5C8-33FF-4366-B3DA-B7EDF9611F71}
		{FB27B2E3-301C-4EBC-8F41-E294261B09BC} = {EBCF4A10-1624-4955-A9C9-F3E8548EC52A}
		{05166239-1FCB-44EB-9F82-399028698207} = {EBCF4A10-1624-4955-A9C9-F3E8548EC52A}
		{2D5721EA-4E55-4935-AD37-9C94CCB62EB6} = {EBCF4A10-1624-4955-A9C9-F3E8548EC52A}
		{443DC953-7010-4206-A564-62421B7356E1} = {BF70B5C8-33FF-4366-B3DA-B7EDF9611F71}
	EndGlobalSection
EndGlobal
